
Microsoft Visual Studio Solution File, Format Version 12.00
# Visual Studio Version 16
VisualStudioVersion = 16.0.29201.188
MinimumVisualStudioVersion = 10.0.40219.1
Project("{9A19103F-16F7-4668-BE54-9A1E7A4F7556}") = "TestApp.Domain", "TestApp.Domain\TestApp.Domain.csproj", "{CC710536-07B4-4DEF-B92F-92677C26C285}"
EndProject
Project("{9A19103F-16F7-4668-BE54-9A1E7A4F7556}") = "TestApp.WEB", "TestApp.WEB\TestApp.WEB.csproj", "{CA1CD8CB-DEAF-4C55-A1C5-7C2E3658DBCF}"
EndProject
Project("{9A19103F-16F7-4668-BE54-9A1E7A4F7556}") = "TestApp.CrossCutting.Configuration", "TestApp.CrossCutting.Configuration\TestApp.CrossCutting.Configuration.csproj", "{E88BD908-01FD-4D6B-AEEF-29F002CD6408}"
EndProject
Project("{9A19103F-16F7-4668-BE54-9A1E7A4F7556}") = "TestApp.Dal", "TestApp.Dal\TestApp.Dal.csproj", "{1904050B-756B-4134-9736-EA7DDD10C608}"
EndProject
Global
	GlobalSection(SolutionConfigurationPlatforms) = preSolution
		Debug|Any CPU = Debug|Any CPU
		Release|Any CPU = Release|Any CPU
	EndGlobalSection
	GlobalSection(ProjectConfigurationPlatforms) = postSolution
		{CC710536-07B4-4DEF-B92F-92677C26C285}.Debug|Any CPU.ActiveCfg = Debug|Any CPU
		{CC710536-07B4-4DEF-B92F-92677C26C285}.Debug|Any CPU.Build.0 = Debug|Any CPU
		{CC710536-07B4-4DEF-B92F-92677C26C285}.Release|Any CPU.ActiveCfg = Release|Any CPU
		{CC710536-07B4-4DEF-B92F-92677C26C285}.Release|Any CPU.Build.0 = Release|Any CPU
		{CA1CD8CB-DEAF-4C55-A1C5-7C2E3658DBCF}.Debug|Any CPU.ActiveCfg = Debug|Any CPU
		{CA1CD8CB-DEAF-4C55-A1C5-7C2E3658DBCF}.Debug|Any CPU.Build.0 = Debug|Any CPU
		{CA1CD8CB-DEAF-4C55-A1C5-7C2E3658DBCF}.Release|Any CPU.ActiveCfg = Release|Any CPU
		{CA1CD8CB-DEAF-4C55-A1C5-7C2E3658DBCF}.Release|Any CPU.Build.0 = Release|Any CPU
		{E88BD908-01FD-4D6B-AEEF-29F002CD6408}.Debug|Any CPU.ActiveCfg = Debug|Any CPU
		{E88BD908-01FD-4D6B-AEEF-29F002CD6408}.Debug|Any CPU.Build.0 = Debug|Any CPU
		{E88BD908-01FD-4D6B-AEEF-29F002CD6408}.Release|Any CPU.ActiveCfg = Release|Any CPU
		{E88BD908-01FD-4D6B-AEEF-29F002CD6408}.Release|Any CPU.Build.0 = Release|Any CPU
		{1904050B-756B-4134-9736-EA7DDD10C608}.Debug|Any CPU.ActiveCfg = Debug|Any CPU
		{1904050B-756B-4134-9736-EA7DDD10C608}.Debug|Any CPU.Build.0 = Debug|Any CPU
		{1904050B-756B-4134-9736-EA7DDD10C608}.Release|Any CPU.ActiveCfg = Release|Any CPU
		{1904050B-756B-4134-9736-EA7DDD10C608}.Release|Any CPU.Build.0 = Release|Any CPU
	EndGlobalSection
	GlobalSection(SolutionProperties) = preSolution
		HideSolutionNode = FALSE
	EndGlobalSection
	GlobalSection(ExtensibilityGlobals) = postSolution
		SolutionGuid = {41191151-BA0F-4F78-BBDB-09FD965AF4FA}
	EndGlobalSection
EndGlobal
